# This file is generated by running "yarn install" inside your project.
# Manual changes might be lost - proceed with caution!

__metadata:
  version: 8
  cacheKey: 10c0

"date-fns@npm:^4.1.0":
  version: 4.1.0
  resolution: "date-fns@npm:4.1.0"
  checksum: 10c0/b79ff32830e6b7faa009590af6ae0fb8c3fd9ffad46d930548fbb5acf473773b4712ae887e156ba91a7b3dc30591ce0f517d69fd83bd9c38650fdc03b4e0bac8
  languageName: node
  linkType: hard

"dev-playground@workspace:.":
  version: 0.0.0-use.local
  resolution: "dev-playground@workspace:."
  dependencies:
    date-fns: "npm:^4.1.0"
    hono: "npm:^4.12.3"
    react: "npm:^19.2.4"
  languageName: unknown
  linkType: soft

"hono@npm:^4.12.3":
  version: 4.12.3
  resolution: "hono@npm:4.12.3"
  checksum: 10c0/df812884acf2f410809ecf14a6c66ff5ea3bb6eaaf75392fa265849186857518d71be18caf2a29ab2ced457d533ba00d285fa72051c08fb0f1bedf887254a4f7
  languageName: node
  linkType: hard

"react@npm:^19.2.4":
  version: 19.2.4
  resolution: "react@npm:19.2.4"
  checksum: 10c0/cd2c9ff67a720799cc3b38a516009986f7fc4cb8d3e15716c6211cf098d1357ee3e348ab05ad0600042bbb0fd888530ba92e329198c92eafa0994f5213396596
  languageName: node
  linkType: hard
